
Microsoft Visual Studio Solution File, Format Version 12.00
# Visual Studio 15
VisualStudioVersion = 15.0.28307.902
MinimumVisualStudioVersion = 10.0.40219.1
Project("{FAE04EC0-301F-11D3-BF4B-00C04F79EFBC}") = "BoardData", "BoardData\BoardData.csproj", "{9E7B439C-B8DD-4753-8E3E-AB70687A8B05}"
EndProject
Project("{2150E333-8FDC-42A3-9474-1A3956D46DE8}") = "Solution Items", "Solution Items", "{2B5D7740-CE43-4F81-AE6A-23003CC65FF1}"
	ProjectSection(SolutionItems) = preProject
		myDb.accdb = myDb.accdb
	EndProjectSection
EndProject
Project("{FAE04EC0-301F-11D3-BF4B-00C04F79EFBC}") = "BoardWebApplication", "BoardWebApplication\BoardWebApplication.csproj", "{8CF45AFE-951E-4F37-B958-24EAC233AA88}"
EndProject
Global
	GlobalSection(SolutionConfigurationPlatforms) = preSolution
		Debug|Any CPU = Debug|Any CPU
		Release|Any CPU = Release|Any CPU
	EndGlobalSection
	GlobalSection(ProjectConfigurationPlatforms) = postSolution
		{9E7B439C-B8DD-4753-8E3E-AB70687A8B05}.Debug|Any CPU.ActiveCfg = Debug|Any CPU
		{9E7B439C-B8DD-4753-8E3E-AB70687A8B05}.Debug|Any CPU.Build.0 = Debug|Any CPU
		{9E7B439C-B8DD-4753-8E3E-AB70687A8B05}.Release|Any CPU.ActiveCfg = Release|Any CPU
		{9E7B439C-B8DD-4753-8E3E-AB70687A8B05}.Release|Any CPU.Build.0 = Release|Any CPU
		{8CF45AFE-951E-4F37-B958-24EAC233AA88}.Debug|Any CPU.ActiveCfg = Debug|Any CPU
		{8CF45AFE-951E-4F37-B958-24EAC233AA88}.Debug|Any CPU.Build.0 = Debug|Any CPU
		{8CF45AFE-951E-4F37-B958-24EAC233AA88}.Release|Any CPU.ActiveCfg = Release|Any CPU
		{8CF45AFE-951E-4F37-B958-24EAC233AA88}.Release|Any CPU.Build.0 = Release|Any CPU
	EndGlobalSection
	GlobalSection(SolutionProperties) = preSolution
		HideSolutionNode = FALSE
	EndGlobalSection
	GlobalSection(ExtensibilityGlobals) = postSolution
		SolutionGuid = {CD4916ED-9A32-4CF2-9964-009A17543E65}
	EndGlobalSection
EndGlobal
